// !$*UTF8*$!
{
	archiveVersion = 1;
	classes = {
	};
	objectVersion = 46;
	objects = {

/* Begin PBXBuildFile section */
		A50410811C0E1F4400FCC0E1 /* Realm.framework in Frameworks */ = {isa = PBXBuildFile; fileRef = A5349C711C09CF1100016614 /* Realm.framework */; };
		A50410821C0E1F4400FCC0E1 /* Realm.framework in Embed Frameworks */ = {isa = PBXBuildFile; fileRef = A5349C711C09CF1100016614 /* Realm.framework */; settings = {ATTRIBUTES = (CodeSignOnCopy, RemoveHeadersOnCopy, ); }; };
		A50410831C0E1F4400FCC0E1 /* RealmSwift.framework in Frameworks */ = {isa = PBXBuildFile; fileRef = A5349C721C09CF1100016614 /* RealmSwift.framework */; };
		A50410841C0E1F4400FCC0E1 /* RealmSwift.framework in Embed Frameworks */ = {isa = PBXBuildFile; fileRef = A5349C721C09CF1100016614 /* RealmSwift.framework */; settings = {ATTRIBUTES = (CodeSignOnCopy, RemoveHeadersOnCopy, ); }; };
		A55239D81BF8D22D00D24FC3 /* WeekController.swift in Sources */ = {isa = PBXBuildFile; fileRef = A55239D71BF8D22D00D24FC3 /* WeekController.swift */; };
		A55239DB1BF8D5F500D24FC3 /* WalkthroughController.swift in Sources */ = {isa = PBXBuildFile; fileRef = A55239DA1BF8D5F500D24FC3 /* WalkthroughController.swift */; };
		A55748EC1BFB655600A8E579 /* WakeBedTimeController.swift in Sources */ = {isa = PBXBuildFile; fileRef = A55748EB1BFB655600A8E579 /* WakeBedTimeController.swift */; };
		A55748EE1BFB686F00A8E579 /* PreferencesController.swift in Sources */ = {isa = PBXBuildFile; fileRef = A55748ED1BFB686F00A8E579 /* PreferencesController.swift */; };
		A55748F01BFB6C3000A8E579 /* TimePickerIntervalCell.swift in Sources */ = {isa = PBXBuildFile; fileRef = A55748EF1BFB6C3000A8E579 /* TimePickerIntervalCell.swift */; };
		A55748F21BFB6D4B00A8E579 /* EditCategoryController.swift in Sources */ = {isa = PBXBuildFile; fileRef = A55748F11BFB6D4B00A8E579 /* EditCategoryController.swift */; };
		A5664E261C0CD14A007EFAE8 /* CopyDayController.swift in Sources */ = {isa = PBXBuildFile; fileRef = A5664E251C0CD14A007EFAE8 /* CopyDayController.swift */; };
		A578087C1BF7A7E8009A88BE /* MainController.swift in Sources */ = {isa = PBXBuildFile; fileRef = A578087B1BF7A7E8009A88BE /* MainController.swift */; };
		A57ABEC91BFFD3AB009099D8 /* KingPastaKit.h in Headers */ = {isa = PBXBuildFile; fileRef = A57ABEC81BFFD3AB009099D8 /* KingPastaKit.h */; settings = {ATTRIBUTES = (Public, ); }; };
		A57ABED41BFFD48E009099D8 /* SwiftyUserDefaults.swift in Sources */ = {isa = PBXBuildFile; fileRef = A513E9941BF36AE5004AC1A4 /* SwiftyUserDefaults.swift */; };
		A57ABED51BFFD498009099D8 /* KPCategory.swift in Sources */ = {isa = PBXBuildFile; fileRef = A58B830F1BEE20C500C6AB47 /* KPCategory.swift */; };
		A57ABED61BFFD498009099D8 /* Day.swift in Sources */ = {isa = PBXBuildFile; fileRef = A58B83171BEF935800C6AB47 /* Day.swift */; };
		A57ABED71BFFD498009099D8 /* Period.swift in Sources */ = {isa = PBXBuildFile; fileRef = A513E98E1BF23E15004AC1A4 /* Period.swift */; };
		A57ABED81BFFD498009099D8 /* Extends.swift in Sources */ = {isa = PBXBuildFile; fileRef = A58B83191BEF961400C6AB47 /* Extends.swift */; };
		A57ABED91BFFD498009099D8 /* NSDate.swift in Sources */ = {isa = PBXBuildFile; fileRef = A58B831D1BEF9EA400C6AB47 /* NSDate.swift */; };
		A57ABEDA1BFFD498009099D8 /* NSTimeInterval.swift in Sources */ = {isa = PBXBuildFile; fileRef = A59824791BFA211B0076F556 /* NSTimeInterval.swift */; };
		A57ABEDB1BFFD498009099D8 /* Clock.swift in Sources */ = {isa = PBXBuildFile; fileRef = A513E9921BF25947004AC1A4 /* Clock.swift */; };
		A57ABEDC1BFFD498009099D8 /* FkP.swift in Sources */ = {isa = PBXBuildFile; fileRef = A58B831F1BEFA05900C6AB47 /* FkP.swift */; };
		A57ABEDD1BFFD498009099D8 /* Debug.swift in Sources */ = {isa = PBXBuildFile; fileRef = A555EE651BF392D700EF4368 /* Debug.swift */; };
		A57ABEE51BFFE299009099D8 /* evening.png in Resources */ = {isa = PBXBuildFile; fileRef = A57ABEE21BFFE299009099D8 /* evening.png */; };
		A57ABEE61BFFE299009099D8 /* morning.png in Resources */ = {isa = PBXBuildFile; fileRef = A57ABEE31BFFE299009099D8 /* morning.png */; };
		A57ABEE71BFFE299009099D8 /* night.png in Resources */ = {isa = PBXBuildFile; fileRef = A57ABEE41BFFE299009099D8 /* night.png */; };
		A57ABEF21C006D24009099D8 /* KingPastaKit.framework in Frameworks */ = {isa = PBXBuildFile; fileRef = A57ABEC61BFFD3AB009099D8 /* KingPastaKit.framework */; };
		A57ABEF31C006D24009099D8 /* KingPastaKit.framework in Embed Frameworks */ = {isa = PBXBuildFile; fileRef = A57ABEC61BFFD3AB009099D8 /* KingPastaKit.framework */; settings = {ATTRIBUTES = (CodeSignOnCopy, RemoveHeadersOnCopy, ); }; };
		A57ABEFD1C006D65009099D8 /* NotificationCenter.framework in Frameworks */ = {isa = PBXBuildFile; fileRef = A57ABEFC1C006D65009099D8 /* NotificationCenter.framework */; };
		A57ABF001C006D65009099D8 /* TodayViewController.swift in Sources */ = {isa = PBXBuildFile; fileRef = A57ABEFF1C006D65009099D8 /* TodayViewController.swift */; };
		A57ABF031C006D65009099D8 /* MainInterface.storyboard in Resources */ = {isa = PBXBuildFile; fileRef = A57ABF011C006D65009099D8 /* MainInterface.storyboard */; };
		A57ABF071C006D65009099D8 /* Widget.appex in Embed App Extensions */ = {isa = PBXBuildFile; fileRef = A57ABEFA1C006D65009099D8 /* Widget.appex */; settings = {ATTRIBUTES = (RemoveHeadersOnCopy, ); }; };
		A57ABF0C1C007057009099D8 /* KingPastaKit.framework in Frameworks */ = {isa = PBXBuildFile; fileRef = A57ABEC61BFFD3AB009099D8 /* KingPastaKit.framework */; };
		A5845E271C009250004BD068 /* Interface.storyboard in Resources */ = {isa = PBXBuildFile; fileRef = A5845E251C009250004BD068 /* Interface.storyboard */; };
		A5845E291C009250004BD068 /* WatchAssets.xcassets in Resources */ = {isa = PBXBuildFile; fileRef = A5845E281C009250004BD068 /* WatchAssets.xcassets */; };
		A5845E301C009250004BD068 /* Watch Extension.appex in Embed App Extensions */ = {isa = PBXBuildFile; fileRef = A5845E2F1C009250004BD068 /* Watch Extension.appex */; settings = {ATTRIBUTES = (RemoveHeadersOnCopy, ); }; };
		A5845E351C009250004BD068 /* InterfaceController.swift in Sources */ = {isa = PBXBuildFile; fileRef = A5845E341C009250004BD068 /* InterfaceController.swift */; };
		A5845E371C009250004BD068 /* ExtensionDelegate.swift in Sources */ = {isa = PBXBuildFile; fileRef = A5845E361C009250004BD068 /* ExtensionDelegate.swift */; };
		A5845E391C009250004BD068 /* GlanceController.swift in Sources */ = {isa = PBXBuildFile; fileRef = A5845E381C009250004BD068 /* GlanceController.swift */; };
		A5845E3F1C009250004BD068 /* Watch App.app in Embed Watch Content */ = {isa = PBXBuildFile; fileRef = A5845E231C009250004BD068 /* Watch App.app */; };
		A5845E721C009741004BD068 /* KingPastaKitWatch.h in Headers */ = {isa = PBXBuildFile; fileRef = A5845E711C009741004BD068 /* KingPastaKitWatch.h */; settings = {ATTRIBUTES = (Public, ); }; };
		A5845E761C009741004BD068 /* KingPastaKitWatch.framework in Frameworks */ = {isa = PBXBuildFile; fileRef = A5845E6F1C009741004BD068 /* KingPastaKitWatch.framework */; };
		A5845E771C009741004BD068 /* KingPastaKitWatch.framework in Embed Frameworks */ = {isa = PBXBuildFile; fileRef = A5845E6F1C009741004BD068 /* KingPastaKitWatch.framework */; settings = {ATTRIBUTES = (CodeSignOnCopy, RemoveHeadersOnCopy, ); }; };
		A5845E7B1C009784004BD068 /* FkP.swift in Sources */ = {isa = PBXBuildFile; fileRef = A58B831F1BEFA05900C6AB47 /* FkP.swift */; };
		A5845E7C1C009784004BD068 /* KPCategory.swift in Sources */ = {isa = PBXBuildFile; fileRef = A58B830F1BEE20C500C6AB47 /* KPCategory.swift */; };
		A5845E7D1C009784004BD068 /* Day.swift in Sources */ = {isa = PBXBuildFile; fileRef = A58B83171BEF935800C6AB47 /* Day.swift */; };
		A5845E7E1C009784004BD068 /* Period.swift in Sources */ = {isa = PBXBuildFile; fileRef = A513E98E1BF23E15004AC1A4 /* Period.swift */; };
		A5845E7F1C009784004BD068 /* Clock.swift in Sources */ = {isa = PBXBuildFile; fileRef = A513E9921BF25947004AC1A4 /* Clock.swift */; };
		A5845E801C009784004BD068 /* Extends.swift in Sources */ = {isa = PBXBuildFile; fileRef = A58B83191BEF961400C6AB47 /* Extends.swift */; };
		A5845E811C009784004BD068 /* NSDate.swift in Sources */ = {isa = PBXBuildFile; fileRef = A58B831D1BEF9EA400C6AB47 /* NSDate.swift */; };
		A5845E821C009784004BD068 /* NSTimeInterval.swift in Sources */ = {isa = PBXBuildFile; fileRef = A59824791BFA211B0076F556 /* NSTimeInterval.swift */; };
		A5845E831C009784004BD068 /* SwiftyUserDefaults.swift in Sources */ = {isa = PBXBuildFile; fileRef = A513E9941BF36AE5004AC1A4 /* SwiftyUserDefaults.swift */; };
		A5845E841C009784004BD068 /* Debug.swift in Sources */ = {isa = PBXBuildFile; fileRef = A555EE651BF392D700EF4368 /* Debug.swift */; };
		A5845E851C00978A004BD068 /* evening.png in Resources */ = {isa = PBXBuildFile; fileRef = A57ABEE21BFFE299009099D8 /* evening.png */; };
		A5845E861C00978A004BD068 /* morning.png in Resources */ = {isa = PBXBuildFile; fileRef = A57ABEE31BFFE299009099D8 /* morning.png */; };
		A5845E871C00978A004BD068 /* night.png in Resources */ = {isa = PBXBuildFile; fileRef = A57ABEE41BFFE299009099D8 /* night.png */; };
		A58A2C601BFB3430006F292F /* PeriodController.swift in Sources */ = {isa = PBXBuildFile; fileRef = A58A2C5F1BFB3430006F292F /* PeriodController.swift */; };
		A58A2C621BFB4125006F292F /* PeriodNameCell.swift in Sources */ = {isa = PBXBuildFile; fileRef = A58A2C611BFB4125006F292F /* PeriodNameCell.swift */; };
		A58A2C641BFB41BE006F292F /* PeriodCategoryCell.swift in Sources */ = {isa = PBXBuildFile; fileRef = A58A2C631BFB41BE006F292F /* PeriodCategoryCell.swift */; };
		A58A2C661BFB4209006F292F /* CategoryColorMark.swift in Sources */ = {isa = PBXBuildFile; fileRef = A58A2C651BFB4209006F292F /* CategoryColorMark.swift */; };
		A58A2C681BFB4BC2006F292F /* PeriodTimeWarningCell.swift in Sources */ = {isa = PBXBuildFile; fileRef = A58A2C671BFB4BC2006F292F /* PeriodTimeWarningCell.swift */; };
		A58A2C6A1BFB4DD2006F292F /* SelectCategoryController.swift in Sources */ = {isa = PBXBuildFile; fileRef = A58A2C691BFB4DD2006F292F /* SelectCategoryController.swift */; };
		A58A2C6C1BFB4E20006F292F /* SelectCategoryCell.swift in Sources */ = {isa = PBXBuildFile; fileRef = A58A2C6B1BFB4E20006F292F /* SelectCategoryCell.swift */; };
		A58A2C6E1BFB5076006F292F /* SetTimeController.swift in Sources */ = {isa = PBXBuildFile; fileRef = A58A2C6D1BFB5076006F292F /* SetTimeController.swift */; };
		A58B82A21BEE18FA00C6AB47 /* AppDelegate.swift in Sources */ = {isa = PBXBuildFile; fileRef = A58B82A11BEE18FA00C6AB47 /* AppDelegate.swift */; };
		A58B82AC1BEE18FA00C6AB47 /* LaunchScreen.storyboard in Resources */ = {isa = PBXBuildFile; fileRef = A58B82AA1BEE18FA00C6AB47 /* LaunchScreen.storyboard */; };
		A58B82DD1BEE197900C6AB47 /* Main.storyboard in Resources */ = {isa = PBXBuildFile; fileRef = A58B82DC1BEE197900C6AB47 /* Main.storyboard */; };
		A58B82DF1BEE1A4E00C6AB47 /* Assets.xcassets in Resources */ = {isa = PBXBuildFile; fileRef = A58B82DE1BEE1A4E00C6AB47 /* Assets.xcassets */; };
		A58B82E11BEE1AF800C6AB47 /* chime.caf in Resources */ = {isa = PBXBuildFile; fileRef = A58B82E01BEE1AF800C6AB47 /* chime.caf */; };
		A58B82E31BEE1B1E00C6AB47 /* Lora-Regular.ttf in Resources */ = {isa = PBXBuildFile; fileRef = A58B82E21BEE1B1E00C6AB47 /* Lora-Regular.ttf */; };
		A58E49C31C145FDA00C50B71 /* Extends.swift in Sources */ = {isa = PBXBuildFile; fileRef = A58E49C21C145FDA00C50B71 /* Extends.swift */; };
		A598247C1BFA59AB0076F556 /* WalkthroughContentController.swift in Sources */ = {isa = PBXBuildFile; fileRef = A598247B1BFA59AB0076F556 /* WalkthroughContentController.swift */; };
		A59824801BFA5B440076F556 /* WalkthroughPageController.swift in Sources */ = {isa = PBXBuildFile; fileRef = A598247F1BFA5B440076F556 /* WalkthroughPageController.swift */; };
		A59824821BFA636E0076F556 /* DayController.swift in Sources */ = {isa = PBXBuildFile; fileRef = A59824811BFA636E0076F556 /* DayController.swift */; };
		A59824851BFA8FA50076F556 /* NotificationsCell.swift in Sources */ = {isa = PBXBuildFile; fileRef = A59824841BFA8FA50076F556 /* NotificationsCell.swift */; };
		A5C3C3781C09D38A00A70971 /* Realm.framework in Frameworks */ = {isa = PBXBuildFile; fileRef = A5349C6E1C09CF1100016614 /* Realm.framework */; };
		A5C3C3791C09D38A00A70971 /* Realm.framework in Embed Frameworks */ = {isa = PBXBuildFile; fileRef = A5349C6E1C09CF1100016614 /* Realm.framework */; settings = {ATTRIBUTES = (CodeSignOnCopy, RemoveHeadersOnCopy, ); }; };
		A5C3C37A1C09D38A00A70971 /* RealmSwift.framework in Frameworks */ = {isa = PBXBuildFile; fileRef = A5349C6F1C09CF1100016614 /* RealmSwift.framework */; };
		A5C3C37B1C09D38A00A70971 /* RealmSwift.framework in Embed Frameworks */ = {isa = PBXBuildFile; fileRef = A5349C6F1C09CF1100016614 /* RealmSwift.framework */; settings = {ATTRIBUTES = (CodeSignOnCopy, RemoveHeadersOnCopy, ); }; };
		A5C3C3801C09D3AB00A70971 /* Realm.framework in Frameworks */ = {isa = PBXBuildFile; fileRef = A5349C6E1C09CF1100016614 /* Realm.framework */; };
		A5C3C3811C09D3AB00A70971 /* RealmSwift.framework in Frameworks */ = {isa = PBXBuildFile; fileRef = A5349C6F1C09CF1100016614 /* RealmSwift.framework */; };
		A5EC5D8A1BFCAD48002FFE4B /* CategoryNameCell.swift in Sources */ = {isa = PBXBuildFile; fileRef = A5EC5D891BFCAD48002FFE4B /* CategoryNameCell.swift */; };
		A5EC5D8C1BFCADD1002FFE4B /* CategoryColorCell.swift in Sources */ = {isa = PBXBuildFile; fileRef = A5EC5D8B1BFCADD1002FFE4B /* CategoryColorCell.swift */; };
		A5ECF8191BFB6289007BD764 /* PeriodCell.swift in Sources */ = {isa = PBXBuildFile; fileRef = A5ECF8181BFB6289007BD764 /* PeriodCell.swift */; };
		A5F03FBC1BFB62E600BDDE71 /* PeriodColorMark.swift in Sources */ = {isa = PBXBuildFile; fileRef = A5F03FBB1BFB62E600BDDE71 /* PeriodColorMark.swift */; };
/* End PBXBuildFile section */

/* Begin PBXContainerItemProxy section */
		A57ABEF41C006D24009099D8 /* PBXContainerItemProxy */ = {
			isa = PBXContainerItemProxy;
			containerPortal = A58B82961BEE18FA00C6AB47 /* Project object */;
			proxyType = 1;
			remoteGlobalIDString = A57ABEC51BFFD3AB009099D8;
			remoteInfo = KingPastaKit;
		};
		A57ABF051C006D65009099D8 /* PBXContainerItemProxy */ = {
			isa = PBXContainerItemProxy;
			containerPortal = A58B82961BEE18FA00C6AB47 /* Project object */;
			proxyType = 1;
			remoteGlobalIDString = A57ABEF91C006D65009099D8;
			remoteInfo = Widget;
		};
		A5845E311C009250004BD068 /* PBXContainerItemProxy */ = {
			isa = PBXContainerItemProxy;
			containerPortal = A58B82961BEE18FA00C6AB47 /* Project object */;
			proxyType = 1;
			remoteGlobalIDString = A5845E2E1C009250004BD068;
			remoteInfo = "Watch App Extension";
		};
		A5845E3D1C009250004BD068 /* PBXContainerItemProxy */ = {
			isa = PBXContainerItemProxy;
			containerPortal = A58B82961BEE18FA00C6AB47 /* Project object */;
			proxyType = 1;
			remoteGlobalIDString = A5845E221C009250004BD068;
			remoteInfo = "Watch App";
		};
		A5845E741C009741004BD068 /* PBXContainerItemProxy */ = {
			isa = PBXContainerItemProxy;
			containerPortal = A58B82961BEE18FA00C6AB47 /* Project object */;
			proxyType = 1;
			remoteGlobalIDString = A5845E6E1C009741004BD068;
			remoteInfo = KingPastaKitWatch;
		};
/* End PBXContainerItemProxy section */

/* Begin PBXCopyFilesBuildPhase section */
		A57ABF0B1C006D65009099D8 /* Embed App Extensions */ = {
			isa = PBXCopyFilesBuildPhase;
			buildActionMask = 2147483647;
			dstPath = "";
			dstSubfolderSpec = 13;
			files = (
				A57ABF071C006D65009099D8 /* Widget.appex in Embed App Extensions */,
			);
			name = "Embed App Extensions";
			runOnlyForDeploymentPostprocessing = 0;
		};
		A5845E451C009250004BD068 /* Embed App Extensions */ = {
			isa = PBXCopyFilesBuildPhase;
			buildActionMask = 2147483647;
			dstPath = "";
			dstSubfolderSpec = 13;
			files = (
				A5845E301C009250004BD068 /* Watch Extension.appex in Embed App Extensions */,
			);
			name = "Embed App Extensions";
			runOnlyForDeploymentPostprocessing = 0;
		};
		A5845E4F1C00955F004BD068 /* Embed Frameworks */ = {
			isa = PBXCopyFilesBuildPhase;
			buildActionMask = 2147483647;
			dstPath = "";
			dstSubfolderSpec = 10;
			files = (
				A50410821C0E1F4400FCC0E1 /* Realm.framework in Embed Frameworks */,
				A5845E771C009741004BD068 /* KingPastaKitWatch.framework in Embed Frameworks */,
				A50410841C0E1F4400FCC0E1 /* RealmSwift.framework in Embed Frameworks */,
			);
			name = "Embed Frameworks";
			runOnlyForDeploymentPostprocessing = 0;
		};
		A58B82D81BEE18FB00C6AB47 /* Embed Watch Content */ = {
			isa = PBXCopyFilesBuildPhase;
			buildActionMask = 2147483647;
			dstPath = "$(CONTENTS_FOLDER_PATH)/Watch";
			dstSubfolderSpec = 16;
			files = (
				A5845E3F1C009250004BD068 /* Watch App.app in Embed Watch Content */,
			);
			name = "Embed Watch Content";
			runOnlyForDeploymentPostprocessing = 0;
		};
		A58B82F51BEE1B7500C6AB47 /* Embed Frameworks */ = {
			isa = PBXCopyFilesBuildPhase;
			buildActionMask = 2147483647;
			dstPath = "";
			dstSubfolderSpec = 10;
			files = (
				A5C3C3791C09D38A00A70971 /* Realm.framework in Embed Frameworks */,
				A57ABEF31C006D24009099D8 /* KingPastaKit.framework in Embed Frameworks */,
				A5C3C37B1C09D38A00A70971 /* RealmSwift.framework in Embed Frameworks */,
			);
			name = "Embed Frameworks";
			runOnlyForDeploymentPostprocessing = 0;
		};
/* End PBXCopyFilesBuildPhase section */

/* Begin PBXFileReference section */
		A513E98E1BF23E15004AC1A4 /* Period.swift */ = {isa = PBXFileReference; fileEncoding = 4; lastKnownFileType = sourcecode.swift; name = Period.swift; path = ../KingPastaKit/Period.swift; sourceTree = "<group>"; };
		A513E9921BF25947004AC1A4 /* Clock.swift */ = {isa = PBXFileReference; fileEncoding = 4; lastKnownFileType = sourcecode.swift; name = Clock.swift; path = ../KingPastaKit/Clock.swift; sourceTree = "<group>"; };
		A513E9941BF36AE5004AC1A4 /* SwiftyUserDefaults.swift */ = {isa = PBXFileReference; fileEncoding = 4; lastKnownFileType = sourcecode.swift; name = SwiftyUserDefaults.swift; path = ../KingPastaKit/SwiftyUserDefaults.swift; sourceTree = "<group>"; };
		A5349C6E1C09CF1100016614 /* Realm.framework */ = {isa = PBXFileReference; lastKnownFileType = wrapper.framework; path = Realm.framework; sourceTree = "<group>"; };
		A5349C6F1C09CF1100016614 /* RealmSwift.framework */ = {isa = PBXFileReference; lastKnownFileType = wrapper.framework; path = RealmSwift.framework; sourceTree = "<group>"; };
		A5349C711C09CF1100016614 /* Realm.framework */ = {isa = PBXFileReference; lastKnownFileType = wrapper.framework; path = Realm.framework; sourceTree = "<group>"; };
		A5349C721C09CF1100016614 /* RealmSwift.framework */ = {isa = PBXFileReference; lastKnownFileType = wrapper.framework; path = RealmSwift.framework; sourceTree = "<group>"; };
		A55239D71BF8D22D00D24FC3 /* WeekController.swift */ = {isa = PBXFileReference; fileEncoding = 4; lastKnownFileType = sourcecode.swift; path = WeekController.swift; sourceTree = "<group>"; };
		A55239DA1BF8D5F500D24FC3 /* WalkthroughController.swift */ = {isa = PBXFileReference; fileEncoding = 4; lastKnownFileType = sourcecode.swift; path = WalkthroughController.swift; sourceTree = "<group>"; };
		A555EE651BF392D700EF4368 /* Debug.swift */ = {isa = PBXFileReference; fileEncoding = 4; lastKnownFileType = sourcecode.swift; name = Debug.swift; path = ../KingPastaKit/Debug.swift; sourceTree = "<group>"; };
		A55748EB1BFB655600A8E579 /* WakeBedTimeController.swift */ = {isa = PBXFileReference; fileEncoding = 4; lastKnownFileType = sourcecode.swift; path = WakeBedTimeController.swift; sourceTree = "<group>"; };
		A55748ED1BFB686F00A8E579 /* PreferencesController.swift */ = {isa = PBXFileReference; fileEncoding = 4; lastKnownFileType = sourcecode.swift; path = PreferencesController.swift; sourceTree = "<group>"; };
		A55748EF1BFB6C3000A8E579 /* TimePickerIntervalCell.swift */ = {isa = PBXFileReference; fileEncoding = 4; lastKnownFileType = sourcecode.swift; path = TimePickerIntervalCell.swift; sourceTree = "<group>"; };
		A55748F11BFB6D4B00A8E579 /* EditCategoryController.swift */ = {isa = PBXFileReference; fileEncoding = 4; lastKnownFileType = sourcecode.swift; path = EditCategoryController.swift; sourceTree = "<group>"; };
		A5664E251C0CD14A007EFAE8 /* CopyDayController.swift */ = {isa = PBXFileReference; fileEncoding = 4; lastKnownFileType = sourcecode.swift; path = CopyDayController.swift; sourceTree = "<group>"; };
		A578087B1BF7A7E8009A88BE /* MainController.swift */ = {isa = PBXFileReference; fileEncoding = 4; lastKnownFileType = sourcecode.swift; path = MainController.swift; sourceTree = "<group>"; };
		A57ABEC61BFFD3AB009099D8 /* KingPastaKit.framework */ = {isa = PBXFileReference; explicitFileType = wrapper.framework; includeInIndex = 0; path = KingPastaKit.framework; sourceTree = BUILT_PRODUCTS_DIR; };
		A57ABEC81BFFD3AB009099D8 /* KingPastaKit.h */ = {isa = PBXFileReference; lastKnownFileType = sourcecode.c.h; path = KingPastaKit.h; sourceTree = "<group>"; };
		A57ABECA1BFFD3AB009099D8 /* Info.plist */ = {isa = PBXFileReference; lastKnownFileType = text.plist.xml; path = Info.plist; sourceTree = "<group>"; };
		A57ABEE21BFFE299009099D8 /* evening.png */ = {isa = PBXFileReference; lastKnownFileType = image.png; path = evening.png; sourceTree = "<group>"; };
		A57ABEE31BFFE299009099D8 /* morning.png */ = {isa = PBXFileReference; lastKnownFileType = image.png; path = morning.png; sourceTree = "<group>"; };
		A57ABEE41BFFE299009099D8 /* night.png */ = {isa = PBXFileReference; lastKnownFileType = image.png; path = night.png; sourceTree = "<group>"; };
		A57ABEFA1C006D65009099D8 /* Widget.appex */ = {isa = PBXFileReference; explicitFileType = "wrapper.app-extension"; includeInIndex = 0; path = Widget.appex; sourceTree = BUILT_PRODUCTS_DIR; };
		A57ABEFC1C006D65009099D8 /* NotificationCenter.framework */ = {isa = PBXFileReference; lastKnownFileType = wrapper.framework; name = NotificationCenter.framework; path = System/Library/Frameworks/NotificationCenter.framework; sourceTree = SDKROOT; };
		A57ABEFF1C006D65009099D8 /* TodayViewController.swift */ = {isa = PBXFileReference; lastKnownFileType = sourcecode.swift; path = TodayViewController.swift; sourceTree = "<group>"; };
		A57ABF021C006D65009099D8 /* Base */ = {isa = PBXFileReference; lastKnownFileType = file.storyboard; name = Base; path = Base.lproj/MainInterface.storyboard; sourceTree = "<group>"; };
		A57ABF041C006D65009099D8 /* Info.plist */ = {isa = PBXFileReference; lastKnownFileType = text.plist.xml; path = Info.plist; sourceTree = "<group>"; };
		A57ABF0D1C007315009099D8 /* ForkingPasta.entitlements */ = {isa = PBXFileReference; lastKnownFileType = text.xml; name = ForkingPasta.entitlements; path = ../ForkingPasta.entitlements; sourceTree = "<group>"; };
		A57ABF0E1C007326009099D8 /* Widget.entitlements */ = {isa = PBXFileReference; lastKnownFileType = text.xml; path = Widget.entitlements; sourceTree = "<group>"; };
		A5845E231C009250004BD068 /* Watch App.app */ = {isa = PBXFileReference; explicitFileType = wrapper.application; includeInIndex = 0; path = "Watch App.app"; sourceTree = BUILT_PRODUCTS_DIR; };
		A5845E261C009250004BD068 /* Base */ = {isa = PBXFileReference; lastKnownFileType = file.storyboard; name = Base; path = Base.lproj/Interface.storyboard; sourceTree = "<group>"; };
		A5845E281C009250004BD068 /* WatchAssets.xcassets */ = {isa = PBXFileReference; lastKnownFileType = folder.assetcatalog; path = WatchAssets.xcassets; sourceTree = "<group>"; };
		A5845E2A1C009250004BD068 /* Info.plist */ = {isa = PBXFileReference; lastKnownFileType = text.plist.xml; path = Info.plist; sourceTree = "<group>"; };
		A5845E2F1C009250004BD068 /* Watch Extension.appex */ = {isa = PBXFileReference; explicitFileType = "wrapper.app-extension"; includeInIndex = 0; path = "Watch Extension.appex"; sourceTree = BUILT_PRODUCTS_DIR; };
		A5845E341C009250004BD068 /* InterfaceController.swift */ = {isa = PBXFileReference; lastKnownFileType = sourcecode.swift; path = InterfaceController.swift; sourceTree = "<group>"; };
		A5845E361C009250004BD068 /* ExtensionDelegate.swift */ = {isa = PBXFileReference; lastKnownFileType = sourcecode.swift; path = ExtensionDelegate.swift; sourceTree = "<group>"; };
		A5845E381C009250004BD068 /* GlanceController.swift */ = {isa = PBXFileReference; lastKnownFileType = sourcecode.swift; path = GlanceController.swift; sourceTree = "<group>"; };
		A5845E3C1C009250004BD068 /* Info.plist */ = {isa = PBXFileReference; lastKnownFileType = text.plist.xml; path = Info.plist; sourceTree = "<group>"; };
		A5845E6F1C009741004BD068 /* KingPastaKitWatch.framework */ = {isa = PBXFileReference; explicitFileType = wrapper.framework; includeInIndex = 0; path = KingPastaKitWatch.framework; sourceTree = BUILT_PRODUCTS_DIR; };
		A5845E711C009741004BD068 /* KingPastaKitWatch.h */ = {isa = PBXFileReference; lastKnownFileType = sourcecode.c.h; path = KingPastaKitWatch.h; sourceTree = "<group>"; };
		A5845E731C009741004BD068 /* Info.plist */ = {isa = PBXFileReference; lastKnownFileType = text.plist.xml; path = Info.plist; sourceTree = "<group>"; };
		A58A2C5F1BFB3430006F292F /* PeriodController.swift */ = {isa = PBXFileReference; fileEncoding = 4; lastKnownFileType = sourcecode.swift; path = PeriodController.swift; sourceTree = "<group>"; };
		A58A2C611BFB4125006F292F /* PeriodNameCell.swift */ = {isa = PBXFileReference; fileEncoding = 4; lastKnownFileType = sourcecode.swift; path = PeriodNameCell.swift; sourceTree = "<group>"; };
		A58A2C631BFB41BE006F292F /* PeriodCategoryCell.swift */ = {isa = PBXFileReference; fileEncoding = 4; lastKnownFileType = sourcecode.swift; path = PeriodCategoryCell.swift; sourceTree = "<group>"; };
		A58A2C651BFB4209006F292F /* CategoryColorMark.swift */ = {isa = PBXFileReference; fileEncoding = 4; lastKnownFileType = sourcecode.swift; path = CategoryColorMark.swift; sourceTree = "<group>"; };
		A58A2C671BFB4BC2006F292F /* PeriodTimeWarningCell.swift */ = {isa = PBXFileReference; fileEncoding = 4; lastKnownFileType = sourcecode.swift; path = PeriodTimeWarningCell.swift; sourceTree = "<group>"; };
		A58A2C691BFB4DD2006F292F /* SelectCategoryController.swift */ = {isa = PBXFileReference; fileEncoding = 4; lastKnownFileType = sourcecode.swift; path = SelectCategoryController.swift; sourceTree = "<group>"; };
		A58A2C6B1BFB4E20006F292F /* SelectCategoryCell.swift */ = {isa = PBXFileReference; fileEncoding = 4; lastKnownFileType = sourcecode.swift; path = SelectCategoryCell.swift; sourceTree = "<group>"; };
		A58A2C6D1BFB5076006F292F /* SetTimeController.swift */ = {isa = PBXFileReference; fileEncoding = 4; lastKnownFileType = sourcecode.swift; path = SetTimeController.swift; sourceTree = "<group>"; };
		A58B829E1BEE18FA00C6AB47 /* Forking Pasta.app */ = {isa = PBXFileReference; explicitFileType = wrapper.application; includeInIndex = 0; path = "Forking Pasta.app"; sourceTree = BUILT_PRODUCTS_DIR; };
		A58B82A11BEE18FA00C6AB47 /* AppDelegate.swift */ = {isa = PBXFileReference; lastKnownFileType = sourcecode.swift; path = AppDelegate.swift; sourceTree = "<group>"; };
		A58B82AB1BEE18FA00C6AB47 /* Base */ = {isa = PBXFileReference; lastKnownFileType = file.storyboard; name = Base; path = Base.lproj/LaunchScreen.storyboard; sourceTree = "<group>"; };
		A58B82AD1BEE18FA00C6AB47 /* Info.plist */ = {isa = PBXFileReference; lastKnownFileType = text.plist.xml; path = Info.plist; sourceTree = "<group>"; };
		A58B82DC1BEE197900C6AB47 /* Main.storyboard */ = {isa = PBXFileReference; fileEncoding = 4; lastKnownFileType = file.storyboard; path = Main.storyboard; sourceTree = "<group>"; };
		A58B82DE1BEE1A4E00C6AB47 /* Assets.xcassets */ = {isa = PBXFileReference; lastKnownFileType = folder.assetcatalog; path = Assets.xcassets; sourceTree = "<group>"; };
		A58B82E01BEE1AF800C6AB47 /* chime.caf */ = {isa = PBXFileReference; lastKnownFileType = file; path = chime.caf; sourceTree = "<group>"; };
		A58B82E21BEE1B1E00C6AB47 /* Lora-Regular.ttf */ = {isa = PBXFileReference; lastKnownFileType = file; path = "Lora-Regular.ttf"; sourceTree = "<group>"; };
		A58B830F1BEE20C500C6AB47 /* KPCategory.swift */ = {isa = PBXFileReference; fileEncoding = 4; lastKnownFileType = sourcecode.swift; name = KPCategory.swift; path = ../KingPastaKit/KPCategory.swift; sourceTree = "<group>"; };
		A58B83171BEF935800C6AB47 /* Day.swift */ = {isa = PBXFileReference; fileEncoding = 4; lastKnownFileType = sourcecode.swift; name = Day.swift; path = ../KingPastaKit/Day.swift; sourceTree = "<group>"; };
		A58B83191BEF961400C6AB47 /* Extends.swift */ = {isa = PBXFileReference; fileEncoding = 4; lastKnownFileType = sourcecode.swift; name = Extends.swift; path = ../KingPastaKit/Extends.swift; sourceTree = "<group>"; };
		A58B831C1BEF984700C6AB47 /* Playground.playground */ = {isa = PBXFileReference; lastKnownFileType = file.playground; path = Playground.playground; sourceTree = "<group>"; };
		A58B831D1BEF9EA400C6AB47 /* NSDate.swift */ = {isa = PBXFileReference; fileEncoding = 4; lastKnownFileType = sourcecode.swift; name = NSDate.swift; path = ../KingPastaKit/NSDate.swift; sourceTree = "<group>"; };
		A58B831F1BEFA05900C6AB47 /* FkP.swift */ = {isa = PBXFileReference; fileEncoding = 4; lastKnownFileType = sourcecode.swift; name = FkP.swift; path = ../KingPastaKit/FkP.swift; sourceTree = "<group>"; };
		A58E49C21C145FDA00C50B71 /* Extends.swift */ = {isa = PBXFileReference; fileEncoding = 4; lastKnownFileType = sourcecode.swift; path = Extends.swift; sourceTree = "<group>"; };
		A59824791BFA211B0076F556 /* NSTimeInterval.swift */ = {isa = PBXFileReference; fileEncoding = 4; lastKnownFileType = sourcecode.swift; name = NSTimeInterval.swift; path = ../KingPastaKit/NSTimeInterval.swift; sourceTree = "<group>"; };
		A598247B1BFA59AB0076F556 /* WalkthroughContentController.swift */ = {isa = PBXFileReference; fileEncoding = 4; lastKnownFileType = sourcecode.swift; path = WalkthroughContentController.swift; sourceTree = "<group>"; };
		A598247F1BFA5B440076F556 /* WalkthroughPageController.swift */ = {isa = PBXFileReference; fileEncoding = 4; lastKnownFileType = sourcecode.swift; path = WalkthroughPageController.swift; sourceTree = "<group>"; };
		A59824811BFA636E0076F556 /* DayController.swift */ = {isa = PBXFileReference; fileEncoding = 4; lastKnownFileType = sourcecode.swift; path = DayController.swift; sourceTree = "<group>"; };
		A59824841BFA8FA50076F556 /* NotificationsCell.swift */ = {isa = PBXFileReference; fileEncoding = 4; lastKnownFileType = sourcecode.swift; path = NotificationsCell.swift; sourceTree = "<group>"; };
		A5C3C3841C09EB8C00A70971 /* Watch Extension.entitlements */ = {isa = PBXFileReference; lastKnownFileType = text.xml; path = "Watch Extension.entitlements"; sourceTree = SOURCE_ROOT; };
		A5EC5D891BFCAD48002FFE4B /* CategoryNameCell.swift */ = {isa = PBXFileReference; fileEncoding = 4; lastKnownFileType = sourcecode.swift; path = CategoryNameCell.swift; sourceTree = "<group>"; };
		A5EC5D8B1BFCADD1002FFE4B /* CategoryColorCell.swift */ = {isa = PBXFileReference; fileEncoding = 4; lastKnownFileType = sourcecode.swift; path = CategoryColorCell.swift; sourceTree = "<group>"; };
		A5ECF8181BFB6289007BD764 /* PeriodCell.swift */ = {isa = PBXFileReference; fileEncoding = 4; lastKnownFileType = sourcecode.swift; path = PeriodCell.swift; sourceTree = "<group>"; };
		A5F03FBB1BFB62E600BDDE71 /* PeriodColorMark.swift */ = {isa = PBXFileReference; fileEncoding = 4; lastKnownFileType = sourcecode.swift; path = PeriodColorMark.swift; sourceTree = "<group>"; };
/* End PBXFileReference section */

/* Begin PBXFrameworksBuildPhase section */
		A57ABEC21BFFD3AB009099D8 /* Frameworks */ = {
			isa = PBXFrameworksBuildPhase;
			buildActionMask = 2147483647;
			files = (
				A5C3C3801C09D3AB00A70971 /* Realm.framework in Frameworks */,
				A5C3C3811C09D3AB00A70971 /* RealmSwift.framework in Frameworks */,
			);
			runOnlyForDeploymentPostprocessing = 0;
		};
		A57ABEF71C006D65009099D8 /* Frameworks */ = {
			isa = PBXFrameworksBuildPhase;
			buildActionMask = 2147483647;
			files = (
				A57ABF0C1C007057009099D8 /* KingPastaKit.framework in Frameworks */,
				A57ABEFD1C006D65009099D8 /* NotificationCenter.framework in Frameworks */,
			);
			runOnlyForDeploymentPostprocessing = 0;
		};
		A5845E2C1C009250004BD068 /* Frameworks */ = {
			isa = PBXFrameworksBuildPhase;
			buildActionMask = 2147483647;
			files = (
				A50410811C0E1F4400FCC0E1 /* Realm.framework in Frameworks */,
				A5845E761C009741004BD068 /* KingPastaKitWatch.framework in Frameworks */,
				A50410831C0E1F4400FCC0E1 /* RealmSwift.framework in Frameworks */,
			);
			runOnlyForDeploymentPostprocessing = 0;
		};
		A5845E6B1C009741004BD068 /* Frameworks */ = {
			isa = PBXFrameworksBuildPhase;
			buildActionMask = 2147483647;
			files = (
			);
			runOnlyForDeploymentPostprocessing = 0;
		};
		A58B829B1BEE18FA00C6AB47 /* Frameworks */ = {
			isa = PBXFrameworksBuildPhase;
			buildActionMask = 2147483647;
			files = (
				A5C3C3781C09D38A00A70971 /* Realm.framework in Frameworks */,
				A57ABEF21C006D24009099D8 /* KingPastaKit.framework in Frameworks */,
				A5C3C37A1C09D38A00A70971 /* RealmSwift.framework in Frameworks */,
			);
			runOnlyForDeploymentPostprocessing = 0;
		};
/* End PBXFrameworksBuildPhase section */

/* Begin PBXGroup section */
		A5349C6C1C09CF1100016614 /* Realm */ = {
			isa = PBXGroup;
			children = (
				A5349C6D1C09CF1100016614 /* ios */,
				A5349C701C09CF1100016614 /* watchos */,
			);
			path = Realm;
			sourceTree = "<group>";
		};
		A5349C6D1C09CF1100016614 /* ios */ = {
			isa = PBXGroup;
			children = (
				A5349C6E1C09CF1100016614 /* Realm.framework */,
				A5349C6F1C09CF1100016614 /* RealmSwift.framework */,
			);
			path = ios;
			sourceTree = "<group>";
		};
		A5349C701C09CF1100016614 /* watchos */ = {
			isa = PBXGroup;
			children = (
				A5349C711C09CF1100016614 /* Realm.framework */,
				A5349C721C09CF1100016614 /* RealmSwift.framework */,
			);
			path = watchos;
			sourceTree = "<group>";
		};
		A55239D91BF8D5E200D24FC3 /* Walkthrough */ = {
			isa = PBXGroup;
			children = (
				A55239DA1BF8D5F500D24FC3 /* WalkthroughController.swift */,
				A598247B1BFA59AB0076F556 /* WalkthroughContentController.swift */,
				A598247F1BFA5B440076F556 /* WalkthroughPageController.swift */,
			);
			name = Walkthrough;
			sourceTree = "<group>";
		};
		A55748F31BFB7DEA00A8E579 /* Resources */ = {
			isa = PBXGroup;
			children = (
				A58B82DC1BEE197900C6AB47 /* Main.storyboard */,
				A58B82DE1BEE1A4E00C6AB47 /* Assets.xcassets */,
				A58B82AA1BEE18FA00C6AB47 /* LaunchScreen.storyboard */,
				A58B82E01BEE1AF800C6AB47 /* chime.caf */,
				A58B82E21BEE1B1E00C6AB47 /* Lora-Regular.ttf */,
			);
			name = Resources;
			sourceTree = "<group>";
		};
		A578087A1BF7A7D8009A88BE /* Controllers */ = {
			isa = PBXGroup;
			children = (
				A578087B1BF7A7E8009A88BE /* MainController.swift */,
				A55239D71BF8D22D00D24FC3 /* WeekController.swift */,
				A59824811BFA636E0076F556 /* DayController.swift */,
				A5664E251C0CD14A007EFAE8 /* CopyDayController.swift */,
				A58A2C5F1BFB3430006F292F /* PeriodController.swift */,
				A58A2C691BFB4DD2006F292F /* SelectCategoryController.swift */,
				A58A2C6D1BFB5076006F292F /* SetTimeController.swift */,
				A55748EB1BFB655600A8E579 /* WakeBedTimeController.swift */,
				A55748ED1BFB686F00A8E579 /* PreferencesController.swift */,
				A55748F11BFB6D4B00A8E579 /* EditCategoryController.swift */,
			);
			name = Controllers;
			sourceTree = "<group>";
		};
		A57ABEC71BFFD3AB009099D8 /* KingPastaKit */ = {
			isa = PBXGroup;
			children = (
				A58B830D1BEE20A300C6AB47 /* Source */,
				A58B830E1BEE20AF00C6AB47 /* Resources */,
				A57ABEC81BFFD3AB009099D8 /* KingPastaKit.h */,
				A57ABECA1BFFD3AB009099D8 /* Info.plist */,
			);
			path = KingPastaKit;
			sourceTree = "<group>";
		};
		A57ABEFB1C006D65009099D8 /* Frameworks */ = {
			isa = PBXGroup;
			children = (
				A57ABEFC1C006D65009099D8 /* NotificationCenter.framework */,
				A5349C6C1C09CF1100016614 /* Realm */,
			);
			name = Frameworks;
			sourceTree = "<group>";
		};
		A57ABEFE1C006D65009099D8 /* Widget */ = {
			isa = PBXGroup;
			children = (
				A57ABEFF1C006D65009099D8 /* TodayViewController.swift */,
				A57ABF011C006D65009099D8 /* MainInterface.storyboard */,
				A57ABF041C006D65009099D8 /* Info.plist */,
				A57ABF0E1C007326009099D8 /* Widget.entitlements */,
			);
			path = Widget;
			sourceTree = "<group>";
		};
		A5845E241C009250004BD068 /* Watch App */ = {
			isa = PBXGroup;
			children = (
				A5845E251C009250004BD068 /* Interface.storyboard */,
				A5845E281C009250004BD068 /* WatchAssets.xcassets */,
				A5845E2A1C009250004BD068 /* Info.plist */,
			);
			path = "Watch App";
			sourceTree = "<group>";
		};
		A5845E331C009250004BD068 /* Watch Extension */ = {
			isa = PBXGroup;
			children = (
				A5C3C3841C09EB8C00A70971 /* Watch Extension.entitlements */,
				A5845E361C009250004BD068 /* ExtensionDelegate.swift */,
				A5845E341C009250004BD068 /* InterfaceController.swift */,
				A5845E381C009250004BD068 /* GlanceController.swift */,
				A5845E3C1C009250004BD068 /* Info.plist */,
			);
			name = "Watch Extension";
			path = "Watch App Extension";
			sourceTree = "<group>";
		};
		A5845E701C009741004BD068 /* KingPastaKitWatch */ = {
			isa = PBXGroup;
			children = (
				A5845E711C009741004BD068 /* KingPastaKitWatch.h */,
				A5845E731C009741004BD068 /* Info.plist */,
			);
			path = KingPastaKitWatch;
			sourceTree = "<group>";
		};
		A58B82951BEE18FA00C6AB47 = {
			isa = PBXGroup;
			children = (
				A58B831C1BEF984700C6AB47 /* Playground.playground */,
				A58B82A01BEE18FA00C6AB47 /* Forking Pasta */,
				A57ABEFE1C006D65009099D8 /* Widget */,
				A5845E241C009250004BD068 /* Watch App */,
				A5845E331C009250004BD068 /* Watch Extension */,
				A57ABEC71BFFD3AB009099D8 /* KingPastaKit */,
				A5845E701C009741004BD068 /* KingPastaKitWatch */,
				A57ABEFB1C006D65009099D8 /* Frameworks */,
				A58B829F1BEE18FA00C6AB47 /* Products */,
			);
			sourceTree = "<group>";
		};
		A58B829F1BEE18FA00C6AB47 /* Products */ = {
			isa = PBXGroup;
			children = (
				A58B829E1BEE18FA00C6AB47 /* Forking Pasta.app */,
				A57ABEC61BFFD3AB009099D8 /* KingPastaKit.framework */,
				A57ABEFA1C006D65009099D8 /* Widget.appex */,
				A5845E231C009250004BD068 /* Watch App.app */,
				A5845E2F1C009250004BD068 /* Watch Extension.appex */,
				A5845E6F1C009741004BD068 /* KingPastaKitWatch.framework */,
			);
			name = Products;
			sourceTree = "<group>";
		};
		A58B82A01BEE18FA00C6AB47 /* Forking Pasta */ = {
			isa = PBXGroup;
			children = (
				A58B82A11BEE18FA00C6AB47 /* AppDelegate.swift */,
				A58E49C21C145FDA00C50B71 /* Extends.swift */,
				A578087A1BF7A7D8009A88BE /* Controllers */,
				A59824831BFA8F810076F556 /* Views */,
				A55239D91BF8D5E200D24FC3 /* Walkthrough */,
				A55748F31BFB7DEA00A8E579 /* Resources */,
				A58B82AD1BEE18FA00C6AB47 /* Info.plist */,
				A57ABF0D1C007315009099D8 /* ForkingPasta.entitlements */,
			);
			path = "Forking Pasta";
			sourceTree = "<group>";
		};
		A58B830D1BEE20A300C6AB47 /* Source */ = {
			isa = PBXGroup;
			children = (
				A58B831F1BEFA05900C6AB47 /* FkP.swift */,
				A58B830F1BEE20C500C6AB47 /* KPCategory.swift */,
				A58B83171BEF935800C6AB47 /* Day.swift */,
				A513E98E1BF23E15004AC1A4 /* Period.swift */,
				A513E9921BF25947004AC1A4 /* Clock.swift */,
				A58B83191BEF961400C6AB47 /* Extends.swift */,
				A58B831D1BEF9EA400C6AB47 /* NSDate.swift */,
				A59824791BFA211B0076F556 /* NSTimeInterval.swift */,
				A513E9941BF36AE5004AC1A4 /* SwiftyUserDefaults.swift */,
				A555EE651BF392D700EF4368 /* Debug.swift */,
			);
			name = Source;
			path = "../Forking Pasta";
			sourceTree = "<group>";
		};
		A58B830E1BEE20AF00C6AB47 /* Resources */ = {
			isa = PBXGroup;
			children = (
				A57ABEE21BFFE299009099D8 /* evening.png */,
				A57ABEE31BFFE299009099D8 /* morning.png */,
				A57ABEE41BFFE299009099D8 /* night.png */,
			);
			name = Resources;
			path = "../Forking Pasta";
			sourceTree = "<group>";
		};
		A59824831BFA8F810076F556 /* Views */ = {
			isa = PBXGroup;
			children = (
				A59824841BFA8FA50076F556 /* NotificationsCell.swift */,
				A58A2C611BFB4125006F292F /* PeriodNameCell.swift */,
				A58A2C631BFB41BE006F292F /* PeriodCategoryCell.swift */,
				A58A2C651BFB4209006F292F /* CategoryColorMark.swift */,
				A58A2C671BFB4BC2006F292F /* PeriodTimeWarningCell.swift */,
				A58A2C6B1BFB4E20006F292F /* SelectCategoryCell.swift */,
				A5ECF8181BFB6289007BD764 /* PeriodCell.swift */,
				A5F03FBB1BFB62E600BDDE71 /* PeriodColorMark.swift */,
				A55748EF1BFB6C3000A8E579 /* TimePickerIntervalCell.swift */,
				A5EC5D891BFCAD48002FFE4B /* CategoryNameCell.swift */,
				A5EC5D8B1BFCADD1002FFE4B /* CategoryColorCell.swift */,
			);
			name = Views;
			sourceTree = "<group>";
		};
/* End PBXGroup section */

/* Begin PBXHeadersBuildPhase section */
		A57ABEC31BFFD3AB009099D8 /* Headers */ = {
			isa = PBXHeadersBuildPhase;
			buildActionMask = 2147483647;
			files = (
				A57ABEC91BFFD3AB009099D8 /* KingPastaKit.h in Headers */,
			);
			runOnlyForDeploymentPostprocessing = 0;
		};
		A5845E6C1C009741004BD068 /* Headers */ = {
			isa = PBXHeadersBuildPhase;
			buildActionMask = 2147483647;
			files = (
				A5845E721C009741004BD068 /* KingPastaKitWatch.h in Headers */,
			);
			runOnlyForDeploymentPostprocessing = 0;
		};
/* End PBXHeadersBuildPhase section */

/* Begin PBXNativeTarget section */
		A57ABEC51BFFD3AB009099D8 /* KingPastaKit */ = {
			isa = PBXNativeTarget;
			buildConfigurationList = A57ABED11BFFD3AC009099D8 /* Build configuration list for PBXNativeTarget "KingPastaKit" */;
			buildPhases = (
				A57ABEC11BFFD3AB009099D8 /* Sources */,
				A57ABEC21BFFD3AB009099D8 /* Frameworks */,
				A57ABEC31BFFD3AB009099D8 /* Headers */,
				A57ABEC41BFFD3AB009099D8 /* Resources */,
			);
			buildRules = (
			);
			dependencies = (
			);
			name = KingPastaKit;
			productName = KingPastaKit;
			productReference = A57ABEC61BFFD3AB009099D8 /* KingPastaKit.framework */;
			productType = "com.apple.product-type.framework";
		};
		A57ABEF91C006D65009099D8 /* Widget */ = {
			isa = PBXNativeTarget;
			buildConfigurationList = A57ABF081C006D65009099D8 /* Build configuration list for PBXNativeTarget "Widget" */;
			buildPhases = (
				A57ABEF61C006D65009099D8 /* Sources */,
				A57ABEF71C006D65009099D8 /* Frameworks */,
				A57ABEF81C006D65009099D8 /* Resources */,
			);
			buildRules = (
			);
			dependencies = (
			);
			name = Widget;
			productName = Widget;
			productReference = A57ABEFA1C006D65009099D8 /* Widget.appex */;
			productType = "com.apple.product-type.app-extension";
		};
		A5845E221C009250004BD068 /* Watch App */ = {
			isa = PBXNativeTarget;
			buildConfigurationList = A5845E461C009250004BD068 /* Build configuration list for PBXNativeTarget "Watch App" */;
			buildPhases = (
				A5845E211C009250004BD068 /* Resources */,
				A5845E451C009250004BD068 /* Embed App Extensions */,
			);
			buildRules = (
			);
			dependencies = (
				A5845E321C009250004BD068 /* PBXTargetDependency */,
			);
			name = "Watch App";
			productName = "Watch App";
			productReference = A5845E231C009250004BD068 /* Watch App.app */;
			productType = "com.apple.product-type.application.watchapp2";
		};
		A5845E2E1C009250004BD068 /* Watch Extension */ = {
			isa = PBXNativeTarget;
			buildConfigurationList = A5845E441C009250004BD068 /* Build configuration list for PBXNativeTarget "Watch Extension" */;
			buildPhases = (
				A5845E2B1C009250004BD068 /* Sources */,
				A5845E2C1C009250004BD068 /* Frameworks */,
				A5845E2D1C009250004BD068 /* Resources */,
				A5845E4F1C00955F004BD068 /* Embed Frameworks */,
			);
			buildRules = (
			);
			dependencies = (
				A5845E751C009741004BD068 /* PBXTargetDependency */,
			);
			name = "Watch Extension";
			productName = "Watch App Extension";
			productReference = A5845E2F1C009250004BD068 /* Watch Extension.appex */;
			productType = "com.apple.product-type.watchkit2-extension";
		};
		A5845E6E1C009741004BD068 /* KingPastaKitWatch */ = {
			isa = PBXNativeTarget;
			buildConfigurationList = A5845E781C009741004BD068 /* Build configuration list for PBXNativeTarget "KingPastaKitWatch" */;
			buildPhases = (
				A5845E6A1C009741004BD068 /* Sources */,
				A5845E6B1C009741004BD068 /* Frameworks */,
				A5845E6C1C009741004BD068 /* Headers */,
				A5845E6D1C009741004BD068 /* Resources */,
			);
			buildRules = (
			);
			dependencies = (
			);
			name = KingPastaKitWatch;
			productName = KingPastaKitWatch;
			productReference = A5845E6F1C009741004BD068 /* KingPastaKitWatch.framework */;
			productType = "com.apple.product-type.framework";
		};
		A58B829D1BEE18FA00C6AB47 /* Forking Pasta */ = {
			isa = PBXNativeTarget;
			buildConfigurationList = A58B82D91BEE18FB00C6AB47 /* Build configuration list for PBXNativeTarget "Forking Pasta" */;
			buildPhases = (
				A58B829A1BEE18FA00C6AB47 /* Sources */,
				A58B829B1BEE18FA00C6AB47 /* Frameworks */,
				A58B829C1BEE18FA00C6AB47 /* Resources */,
				A58B82D81BEE18FB00C6AB47 /* Embed Watch Content */,
				A58B82F51BEE1B7500C6AB47 /* Embed Frameworks */,
				A57ABF0B1C006D65009099D8 /* Embed App Extensions */,
			);
			buildRules = (
			);
			dependencies = (
				A57ABEF51C006D24009099D8 /* PBXTargetDependency */,
				A57ABF061C006D65009099D8 /* PBXTargetDependency */,
				A5845E3E1C009250004BD068 /* PBXTargetDependency */,
			);
			name = "Forking Pasta";
			productName = "Forking Pasta";
			productReference = A58B829E1BEE18FA00C6AB47 /* Forking Pasta.app */;
			productType = "com.apple.product-type.application";
		};
/* End PBXNativeTarget section */

/* Begin PBXProject section */
		A58B82961BEE18FA00C6AB47 /* Project object */ = {
			isa = PBXProject;
			attributes = {
				LastSwiftUpdateCheck = 0710;
				LastUpgradeCheck = 0710;
				ORGANIZATIONNAME = pixlwave;
				TargetAttributes = {
					A57ABEC51BFFD3AB009099D8 = {
						CreatedOnToolsVersion = 7.1.1;
						DevelopmentTeam = NU8A5Y875P;
					};
					A57ABEF91C006D65009099D8 = {
						CreatedOnToolsVersion = 7.1.1;
						DevelopmentTeam = NU8A5Y875P;
						SystemCapabilities = {
							com.apple.ApplicationGroups.iOS = {
								enabled = 1;
							};
						};
					};
					A5845E221C009250004BD068 = {
						CreatedOnToolsVersion = 7.1.1;
						DevelopmentTeam = NU8A5Y875P;
					};
					A5845E2E1C009250004BD068 = {
						CreatedOnToolsVersion = 7.1.1;
						DevelopmentTeam = NU8A5Y875P;
						SystemCapabilities = {
							com.apple.ApplicationGroups.iOS = {
								enabled = 1;
							};
						};
					};
					A5845E6E1C009741004BD068 = {
						CreatedOnToolsVersion = 7.1.1;
						DevelopmentTeam = NU8A5Y875P;
					};
					A58B829D1BEE18FA00C6AB47 = {
						CreatedOnToolsVersion = 7.1;
						DevelopmentTeam = NU8A5Y875P;
						SystemCapabilities = {
							com.apple.ApplicationGroups.iOS = {
								enabled = 1;
							};
						};
					};
				};
			};
			buildConfigurationList = A58B82991BEE18FA00C6AB47 /* Build configuration list for PBXProject "Forking Pasta" */;
			compatibilityVersion = "Xcode 3.2";
			developmentRegion = English;
			hasScannedForEncodings = 0;
			knownRegions = (
				en,
				Base,
			);
			mainGroup = A58B82951BEE18FA00C6AB47;
			productRefGroup = A58B829F1BEE18FA00C6AB47 /* Products */;
			projectDirPath = "";
			projectRoot = "";
			targets = (
				A58B829D1BEE18FA00C6AB47 /* Forking Pasta */,
				A57ABEF91C006D65009099D8 /* Widget */,
				A5845E221C009250004BD068 /* Watch App */,
				A5845E2E1C009250004BD068 /* Watch Extension */,
				A57ABEC51BFFD3AB009099D8 /* KingPastaKit */,
				A5845E6E1C009741004BD068 /* KingPastaKitWatch */,
			);
		};
/* End PBXProject section */

/* Begin PBXResourcesBuildPhase section */
		A57ABEC41BFFD3AB009099D8 /* Resources */ = {
			isa = PBXResourcesBuildPhase;
			buildActionMask = 2147483647;
			files = (
				A57ABEE71BFFE299009099D8 /* night.png in Resources */,
				A57ABEE61BFFE299009099D8 /* morning.png in Resources */,
				A57ABEE51BFFE299009099D8 /* evening.png in Resources */,
			);
			runOnlyForDeploymentPostprocessing = 0;
		};
		A57ABEF81C006D65009099D8 /* Resources */ = {
			isa = PBXResourcesBuildPhase;
			buildActionMask = 2147483647;
			files = (
				A57ABF031C006D65009099D8 /* MainInterface.storyboard in Resources */,
			);
			runOnlyForDeploymentPostprocessing = 0;
		};
		A5845E211C009250004BD068 /* Resources */ = {
			isa = PBXResourcesBuildPhase;
			buildActionMask = 2147483647;
			files = (
				A5845E291C009250004BD068 /* WatchAssets.xcassets in Resources */,
				A5845E271C009250004BD068 /* Interface.storyboard in Resources */,
			);
			runOnlyForDeploymentPostprocessing = 0;
		};
		A5845E2D1C009250004BD068 /* Resources */ = {
			isa = PBXResourcesBuildPhase;
			buildActionMask = 2147483647;
			files = (
			);
			runOnlyForDeploymentPostprocessing = 0;
		};
		A5845E6D1C009741004BD068 /* Resources */ = {
			isa = PBXResourcesBuildPhase;
			buildActionMask = 2147483647;
			files = (
				A5845E871C00978A004BD068 /* night.png in Resources */,
				A5845E861C00978A004BD068 /* morning.png in Resources */,
				A5845E851C00978A004BD068 /* evening.png in Resources */,
			);
			runOnlyForDeploymentPostprocessing = 0;
		};
		A58B829C1BEE18FA00C6AB47 /* Resources */ = {
			isa = PBXResourcesBuildPhase;
			buildActionMask = 2147483647;
			files = (
				A58B82AC1BEE18FA00C6AB47 /* LaunchScreen.storyboard in Resources */,
				A58B82E31BEE1B1E00C6AB47 /* Lora-Regular.ttf in Resources */,
				A58B82DF1BEE1A4E00C6AB47 /* Assets.xcassets in Resources */,
				A58B82DD1BEE197900C6AB47 /* Main.storyboard in Resources */,
				A58B82E11BEE1AF800C6AB47 /* chime.caf in Resources */,
			);
			runOnlyForDeploymentPostprocessing = 0;
		};
/* End PBXResourcesBuildPhase section */

/* Begin PBXSourcesBuildPhase section */
		A57ABEC11BFFD3AB009099D8 /* Sources */ = {
			isa = PBXSourcesBuildPhase;
			buildActionMask = 2147483647;
			files = (
				A57ABED41BFFD48E009099D8 /* SwiftyUserDefaults.swift in Sources */,
				A57ABEDD1BFFD498009099D8 /* Debug.swift in Sources */,
				A57ABEDC1BFFD498009099D8 /* FkP.swift in Sources */,
				A57ABED51BFFD498009099D8 /* KPCategory.swift in Sources */,
				A57ABEDB1BFFD498009099D8 /* Clock.swift in Sources */,
				A57ABED81BFFD498009099D8 /* Extends.swift in Sources */,
				A57ABED71BFFD498009099D8 /* Period.swift in Sources */,
				A57ABEDA1BFFD498009099D8 /* NSTimeInterval.swift in Sources */,
				A57ABED91BFFD498009099D8 /* NSDate.swift in Sources */,
				A57ABED61BFFD498009099D8 /* Day.swift in Sources */,
			);
			runOnlyForDeploymentPostprocessing = 0;
		};
		A57ABEF61C006D65009099D8 /* Sources */ = {
			isa = PBXSourcesBuildPhase;
			buildActionMask = 2147483647;
			files = (
				A57ABF001C006D65009099D8 /* TodayViewController.swift in Sources */,
			);
			runOnlyForDeploymentPostprocessing = 0;
		};
		A5845E2B1C009250004BD068 /* Sources */ = {
			isa = PBXSourcesBuildPhase;
			buildActionMask = 2147483647;
			files = (
				A5845E371C009250004BD068 /* ExtensionDelegate.swift in Sources */,
				A5845E351C009250004BD068 /* InterfaceController.swift in Sources */,
				A5845E391C009250004BD068 /* GlanceController.swift in Sources */,
			);
			runOnlyForDeploymentPostprocessing = 0;
		};
		A5845E6A1C009741004BD068 /* Sources */ = {
			isa = PBXSourcesBuildPhase;
			buildActionMask = 2147483647;
			files = (
				A5845E7C1C009784004BD068 /* KPCategory.swift in Sources */,
				A5845E841C009784004BD068 /* Debug.swift in Sources */,
				A5845E801C009784004BD068 /* Extends.swift in Sources */,
				A5845E7B1C009784004BD068 /* FkP.swift in Sources */,
				A5845E7E1C009784004BD068 /* Period.swift in Sources */,
				A5845E821C009784004BD068 /* NSTimeInterval.swift in Sources */,
				A5845E811C009784004BD068 /* NSDate.swift in Sources */,
				A5845E7D1C009784004BD068 /* Day.swift in Sources */,
				A5845E7F1C009784004BD068 /* Clock.swift in Sources */,
				A5845E831C009784004BD068 /* SwiftyUserDefaults.swift in Sources */,
			);
			runOnlyForDeploymentPostprocessing = 0;
		};
		A58B829A1BEE18FA00C6AB47 /* Sources */ = {
			isa = PBXSourcesBuildPhase;
			buildActionMask = 2147483647;
			files = (
				A5EC5D8A1BFCAD48002FFE4B /* CategoryNameCell.swift in Sources */,
				A58A2C641BFB41BE006F292F /* PeriodCategoryCell.swift in Sources */,
				A59824821BFA636E0076F556 /* DayController.swift in Sources */,
				A58A2C6A1BFB4DD2006F292F /* SelectCategoryController.swift in Sources */,
				A58A2C621BFB4125006F292F /* PeriodNameCell.swift in Sources */,
				A55748EE1BFB686F00A8E579 /* PreferencesController.swift in Sources */,
				A58A2C681BFB4BC2006F292F /* PeriodTimeWarningCell.swift in Sources */,
				A55239D81BF8D22D00D24FC3 /* WeekController.swift in Sources */,
				A58B82A21BEE18FA00C6AB47 /* AppDelegate.swift in Sources */,
				A58E49C31C145FDA00C50B71 /* Extends.swift in Sources */,
				A58A2C6E1BFB5076006F292F /* SetTimeController.swift in Sources */,
				A598247C1BFA59AB0076F556 /* WalkthroughContentController.swift in Sources */,
				A58A2C6C1BFB4E20006F292F /* SelectCategoryCell.swift in Sources */,
				A5F03FBC1BFB62E600BDDE71 /* PeriodColorMark.swift in Sources */,
				A5EC5D8C1BFCADD1002FFE4B /* CategoryColorCell.swift in Sources */,
				A5664E261C0CD14A007EFAE8 /* CopyDayController.swift in Sources */,
				A59824801BFA5B440076F556 /* WalkthroughPageController.swift in Sources */,
				A59824851BFA8FA50076F556 /* NotificationsCell.swift in Sources */,
				A58A2C601BFB3430006F292F /* PeriodController.swift in Sources */,
				A55748F01BFB6C3000A8E579 /* TimePickerIntervalCell.swift in Sources */,
				A55748EC1BFB655600A8E579 /* WakeBedTimeController.swift in Sources */,
				A5ECF8191BFB6289007BD764 /* PeriodCell.swift in Sources */,
				A55239DB1BF8D5F500D24FC3 /* WalkthroughController.swift in Sources */,
				A578087C1BF7A7E8009A88BE /* MainController.swift in Sources */,
				A58A2C661BFB4209006F292F /* CategoryColorMark.swift in Sources */,
				A55748F21BFB6D4B00A8E579 /* EditCategoryController.swift in Sources */,
			);
			runOnlyForDeploymentPostprocessing = 0;
		};
/* End PBXSourcesBuildPhase section */

/* Begin PBXTargetDependency section */
		A57ABEF51C006D24009099D8 /* PBXTargetDependency */ = {
			isa = PBXTargetDependency;
			target = A57ABEC51BFFD3AB009099D8 /* KingPastaKit */;
			targetProxy = A57ABEF41C006D24009099D8 /* PBXContainerItemProxy */;
		};
		A57ABF061C006D65009099D8 /* PBXTargetDependency */ = {
			isa = PBXTargetDependency;
			target = A57ABEF91C006D65009099D8 /* Widget */;
			targetProxy = A57ABF051C006D65009099D8 /* PBXContainerItemProxy */;
		};
		A5845E321C009250004BD068 /* PBXTargetDependency */ = {
			isa = PBXTargetDependency;
			target = A5845E2E1C009250004BD068 /* Watch Extension */;
			targetProxy = A5845E311C009250004BD068 /* PBXContainerItemProxy */;
		};
		A5845E3E1C009250004BD068 /* PBXTargetDependency */ = {
			isa = PBXTargetDependency;
			target = A5845E221C009250004BD068 /* Watch App */;
			targetProxy = A5845E3D1C009250004BD068 /* PBXContainerItemProxy */;
		};
		A5845E751C009741004BD068 /* PBXTargetDependency */ = {
			isa = PBXTargetDependency;
			target = A5845E6E1C009741004BD068 /* KingPastaKitWatch */;
			targetProxy = A5845E741C009741004BD068 /* PBXContainerItemProxy */;
		};
/* End PBXTargetDependency section */

/* Begin PBXVariantGroup section */
		A57ABF011C006D65009099D8 /* MainInterface.storyboard */ = {
			isa = PBXVariantGroup;
			children = (
				A57ABF021C006D65009099D8 /* Base */,
			);
			name = MainInterface.storyboard;
			sourceTree = "<group>";
		};
		A5845E251C009250004BD068 /* Interface.storyboard */ = {
			isa = PBXVariantGroup;
			children = (
				A5845E261C009250004BD068 /* Base */,
			);
			name = Interface.storyboard;
			sourceTree = "<group>";
		};
		A58B82AA1BEE18FA00C6AB47 /* LaunchScreen.storyboard */ = {
			isa = PBXVariantGroup;
			children = (
				A58B82AB1BEE18FA00C6AB47 /* Base */,
			);
			name = LaunchScreen.storyboard;
			sourceTree = "<group>";
		};
/* End PBXVariantGroup section */

/* Begin XCBuildConfiguration section */
		A57ABECF1BFFD3AC009099D8 /* Debug */ = {
			isa = XCBuildConfiguration;
			buildSettings = {
				APPLICATION_EXTENSION_API_ONLY = YES;
				CODE_SIGN_IDENTITY = "iPhone Developer";
				CURRENT_PROJECT_VERSION = 1;
				DEFINES_MODULE = YES;
				DYLIB_COMPATIBILITY_VERSION = 1;
				DYLIB_CURRENT_VERSION = 1;
				DYLIB_INSTALL_NAME_BASE = "@rpath";
				FRAMEWORK_SEARCH_PATHS = (
					"$(inherited)",
					"$(PROJECT_DIR)/Realm/ios",
				);
				INFOPLIST_FILE = KingPastaKit/Info.plist;
				INSTALL_PATH = "$(LOCAL_LIBRARY_DIR)/Frameworks";
				LD_RUNPATH_SEARCH_PATHS = "$(inherited) @executable_path/Frameworks @loader_path/Frameworks";
				PRODUCT_BUNDLE_IDENTIFIER = uk.pixlwave.KingPastaKit;
				PRODUCT_NAME = "$(TARGET_NAME)";
				SKIP_INSTALL = YES;
				TARGETED_DEVICE_FAMILY = "1,2";
				VERSIONING_SYSTEM = "apple-generic";
				VERSION_INFO_PREFIX = "";
			};
			name = Debug;
		};
		A57ABED01BFFD3AC009099D8 /* Release */ = {
			isa = XCBuildConfiguration;
			buildSettings = {
				APPLICATION_EXTENSION_API_ONLY = YES;
				CODE_SIGN_IDENTITY = "iPhone Developer";
				CURRENT_PROJECT_VERSION = 1;
				DEFINES_MODULE = YES;
				DYLIB_COMPATIBILITY_VERSION = 1;
				DYLIB_CURRENT_VERSION = 1;
				DYLIB_INSTALL_NAME_BASE = "@rpath";
				FRAMEWORK_SEARCH_PATHS = (
					"$(inherited)",
					"$(PROJECT_DIR)/Realm/ios",
				);
				INFOPLIST_FILE = KingPastaKit/Info.plist;
				INSTALL_PATH = "$(LOCAL_LIBRARY_DIR)/Frameworks";
				LD_RUNPATH_SEARCH_PATHS = "$(inherited) @executable_path/Frameworks @loader_path/Frameworks";
				PRODUCT_BUNDLE_IDENTIFIER = uk.pixlwave.KingPastaKit;
				PRODUCT_NAME = "$(TARGET_NAME)";
				SKIP_INSTALL = YES;
				TARGETED_DEVICE_FAMILY = "1,2";
				VERSIONING_SYSTEM = "apple-generic";
				VERSION_INFO_PREFIX = "";
			};
			name = Release;
		};
		A57ABF091C006D65009099D8 /* Debug */ = {
			isa = XCBuildConfiguration;
			buildSettings = {
				CODE_SIGN_ENTITLEMENTS = Widget/Widget.entitlements;
				FRAMEWORK_SEARCH_PATHS = (
					"$(inherited)",
					"$(PROJECT_DIR)/Realm/ios",
				);
				INFOPLIST_FILE = Widget/Info.plist;
				LD_RUNPATH_SEARCH_PATHS = "$(inherited) @executable_path/Frameworks @executable_path/../../Frameworks";
				PRODUCT_BUNDLE_IDENTIFIER = uk.pixlwave.ForkingPasta.Widget;
				PRODUCT_NAME = "$(TARGET_NAME)";
				SKIP_INSTALL = YES;
			};
			name = Debug;
		};
		A57ABF0A1C006D65009099D8 /* Release */ = {
			isa = XCBuildConfiguration;
			buildSettings = {
				CODE_SIGN_ENTITLEMENTS = Widget/Widget.entitlements;
				FRAMEWORK_SEARCH_PATHS = (
					"$(inherited)",
					"$(PROJECT_DIR)/Realm/ios",
				);
				INFOPLIST_FILE = Widget/Info.plist;
				LD_RUNPATH_SEARCH_PATHS = "$(inherited) @executable_path/Frameworks @executable_path/../../Frameworks";
				PRODUCT_BUNDLE_IDENTIFIER = uk.pixlwave.ForkingPasta.Widget;
				PRODUCT_NAME = "$(TARGET_NAME)";
				SKIP_INSTALL = YES;
			};
			name = Release;
		};
		A5845E401C009250004BD068 /* Debug */ = {
			isa = XCBuildConfiguration;
			buildSettings = {
				ASSETCATALOG_COMPILER_APPICON_NAME = WatchAppIcon;
				EMBEDDED_CONTENT_CONTAINS_SWIFT = YES;
				IBSC_MODULE = Watch_App_Extension;
				INFOPLIST_FILE = "Watch App/Info.plist";
				PRODUCT_BUNDLE_IDENTIFIER = uk.pixlwave.ForkingPasta.watchkitapp;
				PRODUCT_NAME = "$(TARGET_NAME)";
				SDKROOT = watchos;
				SKIP_INSTALL = YES;
				TARGETED_DEVICE_FAMILY = 4;
				WATCHOS_DEPLOYMENT_TARGET = 2.0;
			};
			name = Debug;
		};
		A5845E411C009250004BD068 /* Release */ = {
			isa = XCBuildConfiguration;
			buildSettings = {
				ASSETCATALOG_COMPILER_APPICON_NAME = WatchAppIcon;
				EMBEDDED_CONTENT_CONTAINS_SWIFT = YES;
				IBSC_MODULE = Watch_App_Extension;
				INFOPLIST_FILE = "Watch App/Info.plist";
				PRODUCT_BUNDLE_IDENTIFIER = uk.pixlwave.ForkingPasta.watchkitapp;
				PRODUCT_NAME = "$(TARGET_NAME)";
				SDKROOT = watchos;
				SKIP_INSTALL = YES;
				TARGETED_DEVICE_FAMILY = 4;
				WATCHOS_DEPLOYMENT_TARGET = 2.0;
			};
			name = Release;
		};
		A5845E421C009250004BD068 /* Debug */ = {
			isa = XCBuildConfiguration;
			buildSettings = {
				CODE_SIGN_ENTITLEMENTS = "Watch Extension.entitlements";
				CODE_SIGN_IDENTITY = "iPhone Developer";
				"CODE_SIGN_IDENTITY[sdk=watchos*]" = "iPhone Developer";
				EMBEDDED_CONTENT_CONTAINS_SWIFT = YES;
				FRAMEWORK_SEARCH_PATHS = (
					"$(PROJECT_DIR)/Realm/watchos",
					"$(PROJECT_DIR)/Realm/ios",
				);
				INFOPLIST_FILE = "Watch App Extension/Info.plist";
				LD_RUNPATH_SEARCH_PATHS = "$(inherited) @executable_path/Frameworks @executable_path/../../Frameworks";
				PRODUCT_BUNDLE_IDENTIFIER = uk.pixlwave.ForkingPasta.watchkitapp.watchkitextension;
				PRODUCT_NAME = "${TARGET_NAME}";
				PROVISIONING_PROFILE = "";
				SDKROOT = watchos;
				SKIP_INSTALL = YES;
				TARGETED_DEVICE_FAMILY = 4;
				WATCHOS_DEPLOYMENT_TARGET = 2.0;
			};
			name = Debug;
		};
		A5845E431C009250004BD068 /* Release */ = {
			isa = XCBuildConfiguration;
			buildSettings = {
				CODE_SIGN_ENTITLEMENTS = "Watch Extension.entitlements";
				CODE_SIGN_IDENTITY = "iPhone Developer";
				"CODE_SIGN_IDENTITY[sdk=watchos*]" = "iPhone Developer";
				EMBEDDED_CONTENT_CONTAINS_SWIFT = YES;
				FRAMEWORK_SEARCH_PATHS = (
					"$(PROJECT_DIR)/Realm/watchos",
					"$(PROJECT_DIR)/Realm/ios",
				);
				INFOPLIST_FILE = "Watch App Extension/Info.plist";
				LD_RUNPATH_SEARCH_PATHS = "$(inherited) @executable_path/Frameworks @executable_path/../../Frameworks";
				PRODUCT_BUNDLE_IDENTIFIER = uk.pixlwave.ForkingPasta.watchkitapp.watchkitextension;
				PRODUCT_NAME = "${TARGET_NAME}";
				PROVISIONING_PROFILE = "";
				SDKROOT = watchos;
				SKIP_INSTALL = YES;
				TARGETED_DEVICE_FAMILY = 4;
				WATCHOS_DEPLOYMENT_TARGET = 2.0;
			};
			name = Release;
		};
		A5845E791C009741004BD068 /* Debug */ = {
			isa = XCBuildConfiguration;
			buildSettings = {
				APPLICATION_EXTENSION_API_ONLY = YES;
				CODE_SIGN_IDENTITY = "iPhone Developer";
				CURRENT_PROJECT_VERSION = 1;
				DEFINES_MODULE = YES;
				DYLIB_COMPATIBILITY_VERSION = 1;
				DYLIB_CURRENT_VERSION = 1;
				DYLIB_INSTALL_NAME_BASE = "@rpath";
				FRAMEWORK_SEARCH_PATHS = "$(PROJECT_DIR)/Realm/watchos";
				INFOPLIST_FILE = KingPastaKitWatch/Info.plist;
				INSTALL_PATH = "$(LOCAL_LIBRARY_DIR)/Frameworks";
				LD_RUNPATH_SEARCH_PATHS = "$(inherited) @executable_path/Frameworks @loader_path/Frameworks";
				PRODUCT_BUNDLE_IDENTIFIER = uk.pixlwave.KingPastaKitWatch;
				PRODUCT_NAME = "$(TARGET_NAME)";
				SDKROOT = watchos;
				SKIP_INSTALL = YES;
				TARGETED_DEVICE_FAMILY = 4;
				VERSIONING_SYSTEM = "apple-generic";
				VERSION_INFO_PREFIX = "";
				WATCHOS_DEPLOYMENT_TARGET = 2.0;
			};
			name = Debug;
		};
		A5845E7A1C009741004BD068 /* Release */ = {
			isa = XCBuildConfiguration;
			buildSettings = {
				APPLICATION_EXTENSION_API_ONLY = YES;
				CODE_SIGN_IDENTITY = "iPhone Developer";
				CURRENT_PROJECT_VERSION = 1;
				DEFINES_MODULE = YES;
				DYLIB_COMPATIBILITY_VERSION = 1;
				DYLIB_CURRENT_VERSION = 1;
				DYLIB_INSTALL_NAME_BASE = "@rpath";
				FRAMEWORK_SEARCH_PATHS = "$(PROJECT_DIR)/Realm/watchos";
				INFOPLIST_FILE = KingPastaKitWatch/Info.plist;
				INSTALL_PATH = "$(LOCAL_LIBRARY_DIR)/Frameworks";
				LD_RUNPATH_SEARCH_PATHS = "$(inherited) @executable_path/Frameworks @loader_path/Frameworks";
				PRODUCT_BUNDLE_IDENTIFIER = uk.pixlwave.KingPastaKitWatch;
				PRODUCT_NAME = "$(TARGET_NAME)";
				SDKROOT = watchos;
				SKIP_INSTALL = YES;
				TARGETED_DEVICE_FAMILY = 4;
				VERSIONING_SYSTEM = "apple-generic";
				VERSION_INFO_PREFIX = "";
				WATCHOS_DEPLOYMENT_TARGET = 2.0;
			};
			name = Release;
		};
		A58B82CF1BEE18FB00C6AB47 /* Debug */ = {
			isa = XCBuildConfiguration;
			buildSettings = {
				ALWAYS_SEARCH_USER_PATHS = NO;
				CLANG_CXX_LANGUAGE_STANDARD = "gnu++0x";
				CLANG_CXX_LIBRARY = "libc++";
				CLANG_ENABLE_MODULES = YES;
				CLANG_ENABLE_OBJC_ARC = YES;
				CLANG_WARN_BOOL_CONVERSION = YES;
				CLANG_WARN_CONSTANT_CONVERSION = YES;
				CLANG_WARN_DIRECT_OBJC_ISA_USAGE = YES_ERROR;
				CLANG_WARN_EMPTY_BODY = YES;
				CLANG_WARN_ENUM_CONVERSION = YES;
				CLANG_WARN_INT_CONVERSION = YES;
				CLANG_WARN_OBJC_ROOT_CLASS = YES_ERROR;
				CLANG_WARN_UNREACHABLE_CODE = YES;
				CLANG_WARN__DUPLICATE_METHOD_MATCH = YES;
				"CODE_SIGN_IDENTITY[sdk=iphoneos*]" = "iPhone Developer";
				COPY_PHASE_STRIP = NO;
				DEBUG_INFORMATION_FORMAT = dwarf;
				ENABLE_STRICT_OBJC_MSGSEND = YES;
				ENABLE_TESTABILITY = YES;
				GCC_C_LANGUAGE_STANDARD = gnu99;
				GCC_DYNAMIC_NO_PIC = NO;
				GCC_NO_COMMON_BLOCKS = YES;
				GCC_OPTIMIZATION_LEVEL = 0;
				GCC_PREPROCESSOR_DEFINITIONS = (
					"DEBUG=1",
					"$(inherited)",
				);
				GCC_WARN_64_TO_32_BIT_CONVERSION = YES;
				GCC_WARN_ABOUT_RETURN_TYPE = YES_ERROR;
				GCC_WARN_UNDECLARED_SELECTOR = YES;
				GCC_WARN_UNINITIALIZED_AUTOS = YES_AGGRESSIVE;
				GCC_WARN_UNUSED_FUNCTION = YES;
				GCC_WARN_UNUSED_VARIABLE = YES;
				IPHONEOS_DEPLOYMENT_TARGET = 9.0;
				MTL_ENABLE_DEBUG_INFO = YES;
				ONLY_ACTIVE_ARCH = YES;
				SDKROOT = iphoneos;
				SWIFT_OPTIMIZATION_LEVEL = "-Onone";
			};
			name = Debug;
		};
		A58B82D01BEE18FB00C6AB47 /* Release */ = {
			isa = XCBuildConfiguration;
			buildSettings = {
				ALWAYS_SEARCH_USER_PATHS = NO;
				CLANG_CXX_LANGUAGE_STANDARD = "gnu++0x";
				CLANG_CXX_LIBRARY = "libc++";
				CLANG_ENABLE_MODULES = YES;
				CLANG_ENABLE_OBJC_ARC = YES;
				CLANG_WARN_BOOL_CONVERSION = YES;
				CLANG_WARN_CONSTANT_CONVERSION = YES;
				CLANG_WARN_DIRECT_OBJC_ISA_USAGE = YES_ERROR;
				CLANG_WARN_EMPTY_BODY = YES;
				CLANG_WARN_ENUM_CONVERSION = YES;
				CLANG_WARN_INT_CONVERSION = YES;
				CLANG_WARN_OBJC_ROOT_CLASS = YES_ERROR;
				CLANG_WARN_UNREACHABLE_CODE = YES;
				CLANG_WARN__DUPLICATE_METHOD_MATCH = YES;
				"CODE_SIGN_IDENTITY[sdk=iphoneos*]" = "iPhone Developer";
				COPY_PHASE_STRIP = NO;
				DEBUG_INFORMATION_FORMAT = "dwarf-with-dsym";
				ENABLE_NS_ASSERTIONS = NO;
				ENABLE_STRICT_OBJC_MSGSEND = YES;
				GCC_C_LANGUAGE_STANDARD = gnu99;
				GCC_NO_COMMON_BLOCKS = YES;
				GCC_WARN_64_TO_32_BIT_CONVERSION = YES;
				GCC_WARN_ABOUT_RETURN_TYPE = YES_ERROR;
				GCC_WARN_UNDECLARED_SELECTOR = YES;
				GCC_WARN_UNINITIALIZED_AUTOS = YES_AGGRESSIVE;
				GCC_WARN_UNUSED_FUNCTION = YES;
				GCC_WARN_UNUSED_VARIABLE = YES;
				IPHONEOS_DEPLOYMENT_TARGET = 9.0;
				MTL_ENABLE_DEBUG_INFO = NO;
				SDKROOT = iphoneos;
				VALIDATE_PRODUCT = YES;
			};
			name = Release;
		};
		A58B82DA1BEE18FB00C6AB47 /* Debug */ = {
			isa = XCBuildConfiguration;
			buildSettings = {
				ASSETCATALOG_COMPILER_APPICON_NAME = AppIcon;
				CODE_SIGN_ENTITLEMENTS = ForkingPasta.entitlements;
				EMBEDDED_CONTENT_CONTAINS_SWIFT = YES;
				FRAMEWORK_SEARCH_PATHS = (
					"$(inherited)",
					"$(PROJECT_DIR)/Realm/ios",
				);
				INFOPLIST_FILE = "Forking Pasta/Info.plist";
				LD_RUNPATH_SEARCH_PATHS = "$(inherited) @executable_path/Frameworks";
				PRODUCT_BUNDLE_IDENTIFIER = uk.pixlwave.ForkingPasta;
				PRODUCT_NAME = "Forking Pasta";
			};
			name = Debug;
		};
		A58B82DB1BEE18FB00C6AB47 /* Release */ = {
			isa = XCBuildConfiguration;
			buildSettings = {
				ASSETCATALOG_COMPILER_APPICON_NAME = AppIcon;
				CODE_SIGN_ENTITLEMENTS = ForkingPasta.entitlements;
				EMBEDDED_CONTENT_CONTAINS_SWIFT = YES;
				FRAMEWORK_SEARCH_PATHS = (
					"$(inherited)",
					"$(PROJECT_DIR)/Realm/ios",
				);
				INFOPLIST_FILE = "Forking Pasta/Info.plist";
				LD_RUNPATH_SEARCH_PATHS = "$(inherited) @executable_path/Frameworks";
				PRODUCT_BUNDLE_IDENTIFIER = uk.pixlwave.ForkingPasta;
				PRODUCT_NAME = "Forking Pasta";
			};
			name = Release;
		};
/* End XCBuildConfiguration section */

/* Begin XCConfigurationList section */
		A57ABED11BFFD3AC009099D8 /* Build configuration list for PBXNativeTarget "KingPastaKit" */ = {
			isa = XCConfigurationList;
			buildConfigurations = (
				A57ABECF1BFFD3AC009099D8 /* Debug */,
				A57ABED01BFFD3AC009099D8 /* Release */,
			);
			defaultConfigurationIsVisible = 0;
			defaultConfigurationName = Release;
		};
		A57ABF081C006D65009099D8 /* Build configuration list for PBXNativeTarget "Widget" */ = {
			isa = XCConfigurationList;
			buildConfigurations = (
				A57ABF091C006D65009099D8 /* Debug */,
				A57ABF0A1C006D65009099D8 /* Release */,
			);
			defaultConfigurationIsVisible = 0;
			defaultConfigurationName = Release;
		};
		A5845E441C009250004BD068 /* Build configuration list for PBXNativeTarget "Watch Extension" */ = {
			isa = XCConfigurationList;
			buildConfigurations = (
				A5845E421C009250004BD068 /* Debug */,
				A5845E431C009250004BD068 /* Release */,
			);
			defaultConfigurationIsVisible = 0;
			defaultConfigurationName = Release;
		};
		A5845E461C009250004BD068 /* Build configuration list for PBXNativeTarget "Watch App" */ = {
			isa = XCConfigurationList;
			buildConfigurations = (
				A5845E401C009250004BD068 /* Debug */,
				A5845E411C009250004BD068 /* Release */,
			);
			defaultConfigurationIsVisible = 0;
			defaultConfigurationName = Release;
		};
		A5845E781C009741004BD068 /* Build configuration list for PBXNativeTarget "KingPastaKitWatch" */ = {
			isa = XCConfigurationList;
			buildConfigurations = (
				A5845E791C009741004BD068 /* Debug */,
				A5845E7A1C009741004BD068 /* Release */,
			);
			defaultConfigurationIsVisible = 0;
			defaultConfigurationName = Release;
		};
		A58B82991BEE18FA00C6AB47 /* Build configuration list for PBXProject "Forking Pasta" */ = {
			isa = XCConfigurationList;
			buildConfigurations = (
				A58B82CF1BEE18FB00C6AB47 /* Debug */,
				A58B82D01BEE18FB00C6AB47 /* Release */,
			);
			defaultConfigurationIsVisible = 0;
			defaultConfigurationName = Release;
		};
		A58B82D91BEE18FB00C6AB47 /* Build configuration list for PBXNativeTarget "Forking Pasta" */ = {
			isa = XCConfigurationList;
			buildConfigurations = (
				A58B82DA1BEE18FB00C6AB47 /* Debug */,
				A58B82DB1BEE18FB00C6AB47 /* Release */,
			);
			defaultConfigurationIsVisible = 0;
			defaultConfigurationName = Release;
		};
/* End XCConfigurationList section */
	};
	rootObject = A58B82961BEE18FA00C6AB47 /* Project object */;
}
